// !$*UTF8*$!
{
	archiveVersion = 1;
	classes = {
	};
	objectVersion = 50;
	objects = {

/* Begin PBXBuildFile section */
		2D03989C2318BC3D009A0FB4 /* LPDoubleCircleLinkedList.m in Sources */ = {isa = PBXBuildFile; fileRef = 2D03989B2318BC3D009A0FB4 /* LPDoubleCircleLinkedList.m */; };
		2D0398A12318C4F1009A0FB4 /* LPStack.m in Sources */ = {isa = PBXBuildFile; fileRef = 2D0398A02318C4F1009A0FB4 /* LPStack.m */; };
		2D0398AF2318FBFD009A0FB4 /* _237_Code.m in Sources */ = {isa = PBXBuildFile; fileRef = 2D0398A52318FBFD009A0FB4 /* _237_Code.m */; };
		2D0398B02318FBFD009A0FB4 /* _203_Code.m in Sources */ = {isa = PBXBuildFile; fileRef = 2D0398A82318FBFD009A0FB4 /* _203_Code.m */; };
		2D0398B12318FBFD009A0FB4 /* _206_Code.m in Sources */ = {isa = PBXBuildFile; fileRef = 2D0398AA2318FBFD009A0FB4 /* _206_Code.m */; };
		2D0398B22318FBFD009A0FB4 /* _141_Code.m in Sources */ = {isa = PBXBuildFile; fileRef = 2D0398AE2318FBFD009A0FB4 /* _141_Code.m */; };
		2D0398B62318FC46009A0FB4 /* _856_Code.m in Sources */ = {isa = PBXBuildFile; fileRef = 2D0398B52318FC46009A0FB4 /* _856_Code.m */; };
		2D0432C223161797009E9463 /* main.m in Sources */ = {isa = PBXBuildFile; fileRef = 2D0432C123161797009E9463 /* main.m */; };
		2D0432CE23161EC1009E9463 /* LPSingleLinkedList.m in Sources */ = {isa = PBXBuildFile; fileRef = 2D0432CD23161EC1009E9463 /* LPSingleLinkedList.m */; };
		2D0432E023165183009E9463 /* LCListNode.m in Sources */ = {isa = PBXBuildFile; fileRef = 2D0432DF23165183009E9463 /* LCListNode.m */; };
		2D0509A823176B0C008121AE /* LPLinkedListNode.m in Sources */ = {isa = PBXBuildFile; fileRef = 2D0509A723176B0C008121AE /* LPLinkedListNode.m */; };
		2D0654732322101500A2B121 /* _003_Code.m in Sources */ = {isa = PBXBuildFile; fileRef = 2D0654722322101500A2B121 /* _003_Code.m */; };
		2D0934E22320DF5A00C680F2 /* _015_Code.m in Sources */ = {isa = PBXBuildFile; fileRef = 2D0934E12320DF5A00C680F2 /* _015_Code.m */; };
		2D0934E6232106B300C680F2 /* _018_Code.m in Sources */ = {isa = PBXBuildFile; fileRef = 2D0934E5232106B300C680F2 /* _018_Code.m */; };
		2D0A78AF231E48AB009EF957 /* _001_Code.m in Sources */ = {isa = PBXBuildFile; fileRef = 2D0A78AE231E48AB009EF957 /* _001_Code.m */; };
		2D0A78B3231E5073009EF957 /* _007_Code.m in Sources */ = {isa = PBXBuildFile; fileRef = 2D0A78B2231E5073009EF957 /* _007_Code.m */; };
		2D0A78B7231E5697009EF957 /* _009_Code.m in Sources */ = {isa = PBXBuildFile; fileRef = 2D0A78B6231E5697009EF957 /* _009_Code.m */; };
		2D0A78BB231E64D2009EF957 /* _002_Code.m in Sources */ = {isa = PBXBuildFile; fileRef = 2D0A78BA231E64D2009EF957 /* _002_Code.m */; };
		A72108E22316CA3E003A7509 /* LPDoubleLinkedList.m in Sources */ = {isa = PBXBuildFile; fileRef = A72108E12316CA3E003A7509 /* LPDoubleLinkedList.m */; };
/* End PBXBuildFile section */

/* Begin PBXCopyFilesBuildPhase section */
		2D0432BC23161797009E9463 /* CopyFiles */ = {
			isa = PBXCopyFilesBuildPhase;
			buildActionMask = 2147483647;
			dstPath = /usr/share/man/man1/;
			dstSubfolderSpec = 0;
			files = (
			);
			runOnlyForDeploymentPostprocessing = 1;
		};
/* End PBXCopyFilesBuildPhase section */

/* Begin PBXFileReference section */
		2D03989A2318BC3D009A0FB4 /* LPDoubleCircleLinkedList.h */ = {isa = PBXFileReference; lastKnownFileType = sourcecode.c.h; path = LPDoubleCircleLinkedList.h; sourceTree = "<group>"; };
		2D03989B2318BC3D009A0FB4 /* LPDoubleCircleLinkedList.m */ = {isa = PBXFileReference; lastKnownFileType = sourcecode.c.objc; path = LPDoubleCircleLinkedList.m; sourceTree = "<group>"; };
		2D03989F2318C4F1009A0FB4 /* LPStack.h */ = {isa = PBXFileReference; lastKnownFileType = sourcecode.c.h; path = LPStack.h; sourceTree = "<group>"; };
		2D0398A02318C4F1009A0FB4 /* LPStack.m */ = {isa = PBXFileReference; lastKnownFileType = sourcecode.c.objc; path = LPStack.m; sourceTree = "<group>"; };
		2D0398A42318FBFD009A0FB4 /* _237_Code.h */ = {isa = PBXFileReference; fileEncoding = 4; lastKnownFileType = sourcecode.c.h; path = _237_Code.h; sourceTree = "<group>"; };
		2D0398A52318FBFD009A0FB4 /* _237_Code.m */ = {isa = PBXFileReference; fileEncoding = 4; lastKnownFileType = sourcecode.c.objc; path = _237_Code.m; sourceTree = "<group>"; };
		2D0398A72318FBFD009A0FB4 /* _203_Code.h */ = {isa = PBXFileReference; fileEncoding = 4; lastKnownFileType = sourcecode.c.h; path = _203_Code.h; sourceTree = "<group>"; };
		2D0398A82318FBFD009A0FB4 /* _203_Code.m */ = {isa = PBXFileReference; fileEncoding = 4; lastKnownFileType = sourcecode.c.objc; path = _203_Code.m; sourceTree = "<group>"; };
		2D0398AA2318FBFD009A0FB4 /* _206_Code.m */ = {isa = PBXFileReference; fileEncoding = 4; lastKnownFileType = sourcecode.c.objc; path = _206_Code.m; sourceTree = "<group>"; };
		2D0398AB2318FBFD009A0FB4 /* _206_Code.h */ = {isa = PBXFileReference; fileEncoding = 4; lastKnownFileType = sourcecode.c.h; path = _206_Code.h; sourceTree = "<group>"; };
		2D0398AD2318FBFD009A0FB4 /* _141_Code.h */ = {isa = PBXFileReference; fileEncoding = 4; lastKnownFileType = sourcecode.c.h; path = _141_Code.h; sourceTree = "<group>"; };
		2D0398AE2318FBFD009A0FB4 /* _141_Code.m */ = {isa = PBXFileReference; fileEncoding = 4; lastKnownFileType = sourcecode.c.objc; path = _141_Code.m; sourceTree = "<group>"; };
		2D0398B42318FC46009A0FB4 /* _856_Code.h */ = {isa = PBXFileReference; lastKnownFileType = sourcecode.c.h; path = _856_Code.h; sourceTree = "<group>"; };
		2D0398B52318FC46009A0FB4 /* _856_Code.m */ = {isa = PBXFileReference; lastKnownFileType = sourcecode.c.objc; path = _856_Code.m; sourceTree = "<group>"; };
		2D0432BE23161797009E9463 /* LeetCode */ = {isa = PBXFileReference; explicitFileType = "compiled.mach-o.executable"; includeInIndex = 0; path = LeetCode; sourceTree = BUILT_PRODUCTS_DIR; };
		2D0432C123161797009E9463 /* main.m */ = {isa = PBXFileReference; lastKnownFileType = sourcecode.c.objc; path = main.m; sourceTree = "<group>"; };
		2D0432CC23161EC1009E9463 /* LPSingleLinkedList.h */ = {isa = PBXFileReference; lastKnownFileType = sourcecode.c.h; path = LPSingleLinkedList.h; sourceTree = "<group>"; };
		2D0432CD23161EC1009E9463 /* LPSingleLinkedList.m */ = {isa = PBXFileReference; lastKnownFileType = sourcecode.c.objc; path = LPSingleLinkedList.m; sourceTree = "<group>"; };
		2D0432DE23165183009E9463 /* LCListNode.h */ = {isa = PBXFileReference; lastKnownFileType = sourcecode.c.h; path = LCListNode.h; sourceTree = "<group>"; };
		2D0432DF23165183009E9463 /* LCListNode.m */ = {isa = PBXFileReference; lastKnownFileType = sourcecode.c.objc; path = LCListNode.m; sourceTree = "<group>"; };
		2D0509A5231768B9008121AE /* LPLinkedProtocol.h */ = {isa = PBXFileReference; lastKnownFileType = sourcecode.c.h; path = LPLinkedProtocol.h; sourceTree = "<group>"; };
		2D0509A623176B0C008121AE /* LPLinkedListNode.h */ = {isa = PBXFileReference; lastKnownFileType = sourcecode.c.h; path = LPLinkedListNode.h; sourceTree = "<group>"; };
		2D0509A723176B0C008121AE /* LPLinkedListNode.m */ = {isa = PBXFileReference; lastKnownFileType = sourcecode.c.objc; path = LPLinkedListNode.m; sourceTree = "<group>"; };
		2D0654712322101500A2B121 /* _003_Code.h */ = {isa = PBXFileReference; lastKnownFileType = sourcecode.c.h; path = _003_Code.h; sourceTree = "<group>"; };
		2D0654722322101500A2B121 /* _003_Code.m */ = {isa = PBXFileReference; lastKnownFileType = sourcecode.c.objc; path = _003_Code.m; sourceTree = "<group>"; };
		2D0934E02320DF5A00C680F2 /* _015_Code.h */ = {isa = PBXFileReference; lastKnownFileType = sourcecode.c.h; path = _015_Code.h; sourceTree = "<group>"; };
		2D0934E12320DF5A00C680F2 /* _015_Code.m */ = {isa = PBXFileReference; lastKnownFileType = sourcecode.c.objc; path = _015_Code.m; sourceTree = "<group>"; };
		2D0934E4232106B300C680F2 /* _018_Code.h */ = {isa = PBXFileReference; lastKnownFileType = sourcecode.c.h; path = _018_Code.h; sourceTree = "<group>"; };
		2D0934E5232106B300C680F2 /* _018_Code.m */ = {isa = PBXFileReference; lastKnownFileType = sourcecode.c.objc; path = _018_Code.m; sourceTree = "<group>"; };
		2D0A78AD231E48AB009EF957 /* _001_Code.h */ = {isa = PBXFileReference; lastKnownFileType = sourcecode.c.h; path = _001_Code.h; sourceTree = "<group>"; };
		2D0A78AE231E48AB009EF957 /* _001_Code.m */ = {isa = PBXFileReference; lastKnownFileType = sourcecode.c.objc; path = _001_Code.m; sourceTree = "<group>"; };
		2D0A78B1231E5073009EF957 /* _007_Code.h */ = {isa = PBXFileReference; lastKnownFileType = sourcecode.c.h; path = _007_Code.h; sourceTree = "<group>"; };
		2D0A78B2231E5073009EF957 /* _007_Code.m */ = {isa = PBXFileReference; lastKnownFileType = sourcecode.c.objc; path = _007_Code.m; sourceTree = "<group>"; };
		2D0A78B5231E5697009EF957 /* _009_Code.h */ = {isa = PBXFileReference; lastKnownFileType = sourcecode.c.h; path = _009_Code.h; sourceTree = "<group>"; };
		2D0A78B6231E5697009EF957 /* _009_Code.m */ = {isa = PBXFileReference; lastKnownFileType = sourcecode.c.objc; path = _009_Code.m; sourceTree = "<group>"; };
		2D0A78B9231E64D2009EF957 /* _002_Code.h */ = {isa = PBXFileReference; lastKnownFileType = sourcecode.c.h; path = _002_Code.h; sourceTree = "<group>"; };
		2D0A78BA231E64D2009EF957 /* _002_Code.m */ = {isa = PBXFileReference; lastKnownFileType = sourcecode.c.objc; path = _002_Code.m; sourceTree = "<group>"; };
		A72108E02316CA3E003A7509 /* LPDoubleLinkedList.h */ = {isa = PBXFileReference; lastKnownFileType = sourcecode.c.h; path = LPDoubleLinkedList.h; sourceTree = "<group>"; };
		A72108E12316CA3E003A7509 /* LPDoubleLinkedList.m */ = {isa = PBXFileReference; lastKnownFileType = sourcecode.c.objc; path = LPDoubleLinkedList.m; sourceTree = "<group>"; };
/* End PBXFileReference section */

/* Begin PBXFrameworksBuildPhase section */
		2D0432BB23161797009E9463 /* Frameworks */ = {
			isa = PBXFrameworksBuildPhase;
			buildActionMask = 2147483647;
			files = (
			);
			runOnlyForDeploymentPostprocessing = 0;
		};
/* End PBXFrameworksBuildPhase section */

/* Begin PBXGroup section */
		2D03989D2318C410009A0FB4 /* 栈 */ = {
			isa = PBXGroup;
			children = (
				2D03989E2318C427009A0FB4 /* 栈实现 */,
			);
			path = "栈";
			sourceTree = "<group>";
		};
		2D03989E2318C427009A0FB4 /* 栈实现 */ = {
			isa = PBXGroup;
			children = (
				2D03989F2318C4F1009A0FB4 /* LPStack.h */,
				2D0398A02318C4F1009A0FB4 /* LPStack.m */,
			);
			path = "栈实现";
			sourceTree = "<group>";
		};
		2D0398A22318FBFD009A0FB4 /* 解题 */ = {
			isa = PBXGroup;
			children = (
				2D0654702322100D00A2B121 /* 003_无重复字符的最长子串 */,
				2D0934E3232106AA00C680F2 /* 018_四数之和 */,
				2D0934DC2320DF1000C680F2 /* 015_三数之和 */,
				2D0A78B8231E64CA009EF957 /* 002_两数相加 */,
				2D0A78B4231E568C009EF957 /* 009_回文数 */,
				2D0A78B0231E505F009EF957 /* 007_整数反转 */,
				2D0A78AC231E489F009EF957 /* 001_两数之和 */,
				2D0398B32318FC3A009A0FB4 /* 856_括号的分数 */,
				2D0398A32318FBFD009A0FB4 /* 237_删除链表中的节点 */,
				2D0398A62318FBFD009A0FB4 /* 203_移除链表元素 */,
				2D0398A92318FBFD009A0FB4 /* 206_反转链表 */,
				2D0398AC2318FBFD009A0FB4 /* 141_环形链表 */,
			);
			path = "解题";
			sourceTree = SOURCE_ROOT;
		};
		2D0398A32318FBFD009A0FB4 /* 237_删除链表中的节点 */ = {
			isa = PBXGroup;
			children = (
				2D0398A42318FBFD009A0FB4 /* _237_Code.h */,
				2D0398A52318FBFD009A0FB4 /* _237_Code.m */,
			);
			path = "237_删除链表中的节点";
			sourceTree = "<group>";
		};
		2D0398A62318FBFD009A0FB4 /* 203_移除链表元素 */ = {
			isa = PBXGroup;
			children = (
				2D0398A72318FBFD009A0FB4 /* _203_Code.h */,
				2D0398A82318FBFD009A0FB4 /* _203_Code.m */,
			);
			path = "203_移除链表元素";
			sourceTree = "<group>";
		};
		2D0398A92318FBFD009A0FB4 /* 206_反转链表 */ = {
			isa = PBXGroup;
			children = (
				2D0398AB2318FBFD009A0FB4 /* _206_Code.h */,
				2D0398AA2318FBFD009A0FB4 /* _206_Code.m */,
			);
			path = "206_反转链表";
			sourceTree = "<group>";
		};
		2D0398AC2318FBFD009A0FB4 /* 141_环形链表 */ = {
			isa = PBXGroup;
			children = (
				2D0398AD2318FBFD009A0FB4 /* _141_Code.h */,
				2D0398AE2318FBFD009A0FB4 /* _141_Code.m */,
			);
			path = "141_环形链表";
			sourceTree = "<group>";
		};
		2D0398B32318FC3A009A0FB4 /* 856_括号的分数 */ = {
			isa = PBXGroup;
			children = (
				2D0398B42318FC46009A0FB4 /* _856_Code.h */,
				2D0398B52318FC46009A0FB4 /* _856_Code.m */,
			);
			path = "856_括号的分数";
			sourceTree = "<group>";
		};
		2D0432B523161797009E9463 = {
			isa = PBXGroup;
			children = (
				2D0432C023161797009E9463 /* LeetCode */,
				2D0398A22318FBFD009A0FB4 /* 解题 */,
				2D03989D2318C410009A0FB4 /* 栈 */,
				2D0432C923161E4D009E9463 /* 链表 */,
				2D0432BF23161797009E9463 /* Products */,
			);
			sourceTree = "<group>";
		};
		2D0432BF23161797009E9463 /* Products */ = {
			isa = PBXGroup;
			children = (
				2D0432BE23161797009E9463 /* LeetCode */,
			);
			name = Products;
			sourceTree = "<group>";
		};
		2D0432C023161797009E9463 /* LeetCode */ = {
			isa = PBXGroup;
			children = (
				2D0432C123161797009E9463 /* main.m */,
			);
			path = LeetCode;
			sourceTree = "<group>";
		};
		2D0432C923161E4D009E9463 /* 链表 */ = {
			isa = PBXGroup;
			children = (
				2D0432DE23165183009E9463 /* LCListNode.h */,
				2D0432DF23165183009E9463 /* LCListNode.m */,
				2D0432CB23161E8F009E9463 /* 链表实现 */,
			);
			path = "链表";
			sourceTree = "<group>";
		};
		2D0432CB23161E8F009E9463 /* 链表实现 */ = {
			isa = PBXGroup;
			children = (
				2D0509A5231768B9008121AE /* LPLinkedProtocol.h */,
				2D0509A623176B0C008121AE /* LPLinkedListNode.h */,
				2D0509A723176B0C008121AE /* LPLinkedListNode.m */,
				2D0432CC23161EC1009E9463 /* LPSingleLinkedList.h */,
				2D0432CD23161EC1009E9463 /* LPSingleLinkedList.m */,
				A72108E02316CA3E003A7509 /* LPDoubleLinkedList.h */,
				A72108E12316CA3E003A7509 /* LPDoubleLinkedList.m */,
				2D03989A2318BC3D009A0FB4 /* LPDoubleCircleLinkedList.h */,
				2D03989B2318BC3D009A0FB4 /* LPDoubleCircleLinkedList.m */,
			);
			path = "链表实现";
			sourceTree = "<group>";
		};
		2D0654702322100D00A2B121 /* 003_无重复字符的最长子串 */ = {
			isa = PBXGroup;
			children = (
				2D0654712322101500A2B121 /* _003_Code.h */,
				2D0654722322101500A2B121 /* _003_Code.m */,
			);
			path = "003_无重复字符的最长子串";
			sourceTree = "<group>";
		};
		2D0934DC2320DF1000C680F2 /* 015_三数之和 */ = {
			isa = PBXGroup;
			children = (
				2D0934E02320DF5A00C680F2 /* _015_Code.h */,
				2D0934E12320DF5A00C680F2 /* _015_Code.m */,
			);
			path = "015_三数之和";
			sourceTree = "<group>";
		};
		2D0934E3232106AA00C680F2 /* 018_四数之和 */ = {
			isa = PBXGroup;
			children = (
				2D0934E4232106B300C680F2 /* _018_Code.h */,
				2D0934E5232106B300C680F2 /* _018_Code.m */,
			);
			path = "018_四数之和";
			sourceTree = "<group>";
		};
		2D0A78AC231E489F009EF957 /* 001_两数之和 */ = {
			isa = PBXGroup;
			children = (
				2D0A78AD231E48AB009EF957 /* _001_Code.h */,
				2D0A78AE231E48AB009EF957 /* _001_Code.m */,
			);
			path = "001_两数之和";
			sourceTree = "<group>";
		};
		2D0A78B0231E505F009EF957 /* 007_整数反转 */ = {
			isa = PBXGroup;
			children = (
				2D0A78B1231E5073009EF957 /* _007_Code.h */,
				2D0A78B2231E5073009EF957 /* _007_Code.m */,
			);
			path = "007_整数反转";
			sourceTree = "<group>";
		};
		2D0A78B4231E568C009EF957 /* 009_回文数 */ = {
			isa = PBXGroup;
			children = (
				2D0A78B5231E5697009EF957 /* _009_Code.h */,
				2D0A78B6231E5697009EF957 /* _009_Code.m */,
			);
			path = "009_回文数";
			sourceTree = "<group>";
		};
		2D0A78B8231E64CA009EF957 /* 002_两数相加 */ = {
			isa = PBXGroup;
			children = (
				2D0A78B9231E64D2009EF957 /* _002_Code.h */,
				2D0A78BA231E64D2009EF957 /* _002_Code.m */,
			);
			path = "002_两数相加";
			sourceTree = "<group>";
		};
/* End PBXGroup section */

/* Begin PBXNativeTarget section */
		2D0432BD23161797009E9463 /* LeetCode */ = {
			isa = PBXNativeTarget;
			buildConfigurationList = 2D0432C523161797009E9463 /* Build configuration list for PBXNativeTarget "LeetCode" */;
			buildPhases = (
				2D0432BA23161797009E9463 /* Sources */,
				2D0432BB23161797009E9463 /* Frameworks */,
				2D0432BC23161797009E9463 /* CopyFiles */,
			);
			buildRules = (
			);
			dependencies = (
			);
			name = LeetCode;
			productName = LeetCode;
			productReference = 2D0432BE23161797009E9463 /* LeetCode */;
			productType = "com.apple.product-type.tool";
		};
/* End PBXNativeTarget section */

/* Begin PBXProject section */
		2D0432B623161797009E9463 /* Project object */ = {
			isa = PBXProject;
			attributes = {
				LastUpgradeCheck = 1030;
				ORGANIZATIONNAME = "罗平";
				TargetAttributes = {
					2D0432BD23161797009E9463 = {
						CreatedOnToolsVersion = 10.3;
					};
				};
			};
			buildConfigurationList = 2D0432B923161797009E9463 /* Build configuration list for PBXProject "LeetCode" */;
			compatibilityVersion = "Xcode 9.3";
			developmentRegion = en;
			hasScannedForEncodings = 0;
			knownRegions = (
				en,
			);
			mainGroup = 2D0432B523161797009E9463;
			productRefGroup = 2D0432BF23161797009E9463 /* Products */;
			projectDirPath = "";
			projectRoot = "";
			targets = (
				2D0432BD23161797009E9463 /* LeetCode */,
			);
		};
/* End PBXProject section */

/* Begin PBXSourcesBuildPhase section */
		2D0432BA23161797009E9463 /* Sources */ = {
			isa = PBXSourcesBuildPhase;
			buildActionMask = 2147483647;
			files = (
				2D0398B22318FBFD009A0FB4 /* _141_Code.m in Sources */,
				2D0A78BB231E64D2009EF957 /* _002_Code.m in Sources */,
				2D0398B02318FBFD009A0FB4 /* _203_Code.m in Sources */,
				2D0398B12318FBFD009A0FB4 /* _206_Code.m in Sources */,
				2D0654732322101500A2B121 /* _003_Code.m in Sources */,
				2D0A78B7231E5697009EF957 /* _009_Code.m in Sources */,
				2D0934E22320DF5A00C680F2 /* _015_Code.m in Sources */,
				2D0398A12318C4F1009A0FB4 /* LPStack.m in Sources */,
				A72108E22316CA3E003A7509 /* LPDoubleLinkedList.m in Sources */,
				2D0432E023165183009E9463 /* LCListNode.m in Sources */,
				2D0398AF2318FBFD009A0FB4 /* _237_Code.m in Sources */,
				2D0934E6232106B300C680F2 /* _018_Code.m in Sources */,
				2D0432CE23161EC1009E9463 /* LPSingleLinkedList.m in Sources */,
				2D0A78B3231E5073009EF957 /* _007_Code.m in Sources */,
				2D0432C223161797009E9463 /* main.m in Sources */,
				2D0509A823176B0C008121AE /* LPLinkedListNode.m in Sources */,
				2D0A78AF231E48AB009EF957 /* _001_Code.m in Sources */,
				2D0398B62318FC46009A0FB4 /* _856_Code.m in Sources */,
				2D03989C2318BC3D009A0FB4 /* LPDoubleCircleLinkedList.m in Sources */,
			);
			runOnlyForDeploymentPostprocessing = 0;
		};
/* End PBXSourcesBuildPhase section */

/* Begin XCBuildConfiguration section */
		2D0432C323161797009E9463 /* Debug */ = {
			isa = XCBuildConfiguration;
			buildSettings = {
				ALWAYS_SEARCH_USER_PATHS = NO;
				CLANG_ANALYZER_NONNULL = YES;
				CLANG_ANALYZER_NUMBER_OBJECT_CONVERSION = YES_AGGRESSIVE;
				CLANG_CXX_LANGUAGE_STANDARD = "gnu++14";
				CLANG_CXX_LIBRARY = "libc++";
				CLANG_ENABLE_MODULES = YES;
				CLANG_ENABLE_OBJC_ARC = YES;
				CLANG_ENABLE_OBJC_WEAK = YES;
				CLANG_WARN_BLOCK_CAPTURE_AUTORELEASING = YES;
				CLANG_WARN_BOOL_CONVERSION = YES;
				CLANG_WARN_COMMA = YES;
				CLANG_WARN_CONSTANT_CONVERSION = YES;
				CLANG_WARN_DEPRECATED_OBJC_IMPLEMENTATIONS = YES;
				CLANG_WARN_DIRECT_OBJC_ISA_USAGE = YES_ERROR;
				CLANG_WARN_DOCUMENTATION_COMMENTS = YES;
				CLANG_WARN_EMPTY_BODY = YES;
				CLANG_WARN_ENUM_CONVERSION = YES;
				CLANG_WARN_INFINITE_RECURSION = YES;
				CLANG_WARN_INT_CONVERSION = YES;
				CLANG_WARN_NON_LITERAL_NULL_CONVERSION = YES;
				CLANG_WARN_OBJC_IMPLICIT_RETAIN_SELF = YES;
				CLANG_WARN_OBJC_LITERAL_CONVERSION = YES;
				CLANG_WARN_OBJC_ROOT_CLASS = YES_ERROR;
				CLANG_WARN_RANGE_LOOP_ANALYSIS = YES;
				CLANG_WARN_STRICT_PROTOTYPES = YES;
				CLANG_WARN_SUSPICIOUS_MOVE = YES;
				CLANG_WARN_UNGUARDED_AVAILABILITY = YES_AGGRESSIVE;
				CLANG_WARN_UNREACHABLE_CODE = YES;
				CLANG_WARN__DUPLICATE_METHOD_MATCH = YES;
				CODE_SIGN_IDENTITY = "Mac Developer";
				COPY_PHASE_STRIP = NO;
				DEBUG_INFORMATION_FORMAT = dwarf;
				ENABLE_STRICT_OBJC_MSGSEND = YES;
				ENABLE_TESTABILITY = YES;
				GCC_C_LANGUAGE_STANDARD = gnu11;
				GCC_DYNAMIC_NO_PIC = NO;
				GCC_NO_COMMON_BLOCKS = YES;
				GCC_OPTIMIZATION_LEVEL = 0;
				GCC_PREPROCESSOR_DEFINITIONS = (
					"DEBUG=1",
					"$(inherited)",
				);
				GCC_WARN_64_TO_32_BIT_CONVERSION = YES;
				GCC_WARN_ABOUT_RETURN_TYPE = YES_ERROR;
				GCC_WARN_UNDECLARED_SELECTOR = YES;
				GCC_WARN_UNINITIALIZED_AUTOS = YES_AGGRESSIVE;
				GCC_WARN_UNUSED_FUNCTION = YES;
				GCC_WARN_UNUSED_VARIABLE = YES;
				MACOSX_DEPLOYMENT_TARGET = 10.14;
				MTL_ENABLE_DEBUG_INFO = INCLUDE_SOURCE;
				MTL_FAST_MATH = YES;
				ONLY_ACTIVE_ARCH = YES;
				SDKROOT = macosx;
			};
			name = Debug;
		};
		2D0432C423161797009E9463 /* Release */ = {
			isa = XCBuildConfiguration;
			buildSettings = {
				ALWAYS_SEARCH_USER_PATHS = NO;
				CLANG_ANALYZER_NONNULL = YES;
				CLANG_ANALYZER_NUMBER_OBJECT_CONVERSION = YES_AGGRESSIVE;
				CLANG_CXX_LANGUAGE_STANDARD = "gnu++14";
				CLANG_CXX_LIBRARY = "libc++";
				CLANG_ENABLE_MODULES = YES;
				CLANG_ENABLE_OBJC_ARC = YES;
				CLANG_ENABLE_OBJC_WEAK = YES;
				CLANG_WARN_BLOCK_CAPTURE_AUTORELEASING = YES;
				CLANG_WARN_BOOL_CONVERSION = YES;
				CLANG_WARN_COMMA = YES;
				CLANG_WARN_CONSTANT_CONVERSION = YES;
				CLANG_WARN_DEPRECATED_OBJC_IMPLEMENTATIONS = YES;
				CLANG_WARN_DIRECT_OBJC_ISA_USAGE = YES_ERROR;
				CLANG_WARN_DOCUMENTATION_COMMENTS = YES;
				CLANG_WARN_EMPTY_BODY = YES;
				CLANG_WARN_ENUM_CONVERSION = YES;
				CLANG_WARN_INFINITE_RECURSION = YES;
				CLANG_WARN_INT_CONVERSION = YES;
				CLANG_WARN_NON_LITERAL_NULL_CONVERSION = YES;
				CLANG_WARN_OBJC_IMPLICIT_RETAIN_SELF = YES;
				CLANG_WARN_OBJC_LITERAL_CONVERSION = YES;
				CLANG_WARN_OBJC_ROOT_CLASS = YES_ERROR;
				CLANG_WARN_RANGE_LOOP_ANALYSIS = YES;
				CLANG_WARN_STRICT_PROTOTYPES = YES;
				CLANG_WARN_SUSPICIOUS_MOVE = YES;
				CLANG_WARN_UNGUARDED_AVAILABILITY = YES_AGGRESSIVE;
				CLANG_WARN_UNREACHABLE_CODE = YES;
				CLANG_WARN__DUPLICATE_METHOD_MATCH = YES;
				CODE_SIGN_IDENTITY = "Mac Developer";
				COPY_PHASE_STRIP = NO;
				DEBUG_INFORMATION_FORMAT = "dwarf-with-dsym";
				ENABLE_NS_ASSERTIONS = NO;
				ENABLE_STRICT_OBJC_MSGSEND = YES;
				GCC_C_LANGUAGE_STANDARD = gnu11;
				GCC_NO_COMMON_BLOCKS = YES;
				GCC_WARN_64_TO_32_BIT_CONVERSION = YES;
				GCC_WARN_ABOUT_RETURN_TYPE = YES_ERROR;
				GCC_WARN_UNDECLARED_SELECTOR = YES;
				GCC_WARN_UNINITIALIZED_AUTOS = YES_AGGRESSIVE;
				GCC_WARN_UNUSED_FUNCTION = YES;
				GCC_WARN_UNUSED_VARIABLE = YES;
				MACOSX_DEPLOYMENT_TARGET = 10.14;
				MTL_ENABLE_DEBUG_INFO = NO;
				MTL_FAST_MATH = YES;
				SDKROOT = macosx;
			};
			name = Release;
		};
		2D0432C623161797009E9463 /* Debug */ = {
			isa = XCBuildConfiguration;
			buildSettings = {
				CODE_SIGN_STYLE = Automatic;
				DEVELOPMENT_TEAM = QU99PG7SGF;
				PRODUCT_NAME = "$(TARGET_NAME)";
			};
			name = Debug;
		};
		2D0432C723161797009E9463 /* Release */ = {
			isa = XCBuildConfiguration;
			buildSettings = {
				CODE_SIGN_STYLE = Automatic;
				DEVELOPMENT_TEAM = QU99PG7SGF;
				PRODUCT_NAME = "$(TARGET_NAME)";
			};
			name = Release;
		};
/* End XCBuildConfiguration section */

/* Begin XCConfigurationList section */
		2D0432B923161797009E9463 /* Build configuration list for PBXProject "LeetCode" */ = {
			isa = XCConfigurationList;
			buildConfigurations = (
				2D0432C323161797009E9463 /* Debug */,
				2D0432C423161797009E9463 /* Release */,
			);
			defaultConfigurationIsVisible = 0;
			defaultConfigurationName = Release;
		};
		2D0432C523161797009E9463 /* Build configuration list for PBXNativeTarget "LeetCode" */ = {
			isa = XCConfigurationList;
			buildConfigurations = (
				2D0432C623161797009E9463 /* Debug */,
				2D0432C723161797009E9463 /* Release */,
			);
			defaultConfigurationIsVisible = 0;
			defaultConfigurationName = Release;
		};
/* End XCConfigurationList section */
	};
	rootObject = 2D0432B623161797009E9463 /* Project object */;
}
